
Microsoft Visual Studio Solution File, Format Version 12.00
# Visual Studio Version 17
VisualStudioVersion = 17.12.35417.141
MinimumVisualStudioVersion = 10.0.40219.1
Project("{FAE04EC0-301F-11D3-BF4B-00C04F79EFBC}") = "TaskManagerConsoleApp", "TaskManagerConsoleApp\TaskManagerConsoleApp.csproj", "{9602019C-9A73-49DC-AEA5-BE35C247FE48}"
EndProject
Project("{FAE04EC0-301F-11D3-BF4B-00C04F79EFBC}") = "TaskManagerTests", "TaskManagerTests\TaskManagerTests.csproj", "{6DD44540-A8CE-4E49-AF67-55834138323E}"
EndProject
Global
	GlobalSection(SolutionConfigurationPlatforms) = preSolution
		Debug|Any CPU = Debug|Any CPU
		Release|Any CPU = Release|Any CPU
	EndGlobalSection
	GlobalSection(ProjectConfigurationPlatforms) = postSolution
		{9602019C-9A73-49DC-AEA5-BE35C247FE48}.Debug|Any CPU.ActiveCfg = Debug|Any CPU
		{9602019C-9A73-49DC-AEA5-BE35C247FE48}.Debug|Any CPU.Build.0 = Debug|Any CPU
		{9602019C-9A73-49DC-AEA5-BE35C247FE48}.Release|Any CPU.ActiveCfg = Release|Any CPU
		{9602019C-9A73-49DC-AEA5-BE35C247FE48}.Release|Any CPU.Build.0 = Release|Any CPU
		{6DD44540-A8CE-4E49-AF67-55834138323E}.Debug|Any CPU.ActiveCfg = Debug|Any CPU
		{6DD44540-A8CE-4E49-AF67-55834138323E}.Debug|Any CPU.Build.0 = Debug|Any CPU
		{6DD44540-A8CE-4E49-AF67-55834138323E}.Release|Any CPU.ActiveCfg = Release|Any CPU
		{6DD44540-A8CE-4E49-AF67-55834138323E}.Release|Any CPU.Build.0 = Release|Any CPU
	EndGlobalSection
	GlobalSection(SolutionProperties) = preSolution
		HideSolutionNode = FALSE
	EndGlobalSection
EndGlobal
